
Microsoft Visual Studio Solution File, Format Version 12.00
# Visual Studio Version 17
VisualStudioVersion = 17.0.31903.59
MinimumVisualStudioVersion = 10.0.40219.1
Project("{FAE04EC0-301F-11D3-BF4B-00C04F79EFBC}") = "Lesson02", "Lesson02\Lesson02.csproj", "{2977084E-7D52-4D43-AF15-1EBE83B30C82}"
EndProject
Global
	GlobalSection(SolutionConfigurationPlatforms) = preSolution
		Debug|Any CPU = Debug|Any CPU
		Release|Any CPU = Release|Any CPU
	EndGlobalSection
	GlobalSection(ProjectConfigurationPlatforms) = postSolution
		{2977084E-7D52-4D43-AF15-1EBE83B30C82}.Debug|Any CPU.ActiveCfg = Debug|Any CPU
		{2977084E-7D52-4D43-AF15-1EBE83B30C82}.Debug|Any CPU.Build.0 = Debug|Any CPU
		{2977084E-7D52-4D43-AF15-1EBE83B30C82}.Release|Any CPU.ActiveCfg = Release|Any CPU
		{2977084E-7D52-4D43-AF15-1EBE83B30C82}.Release|Any CPU.Build.0 = Release|Any CPU
	EndGlobalSection
	GlobalSection(SolutionProperties) = preSolution
		HideSolutionNode = FALSE
	EndGlobalSection
	GlobalSection(ExtensibilityGlobals) = postSolution
		SolutionGuid = {131B1F79-0D7E-4DF1-8C94-6736387A0AEB}
	EndGlobalSection
EndGlobal
